// !$*UTF8*$!
{
	archiveVersion = 1;
	classes = {
	};
	objectVersion = 50;
	objects = {

/* Begin PBXBuildFile section */
		0474FD9B2203BF6000964102 /* HomeCell.xib in Resources */ = {isa = PBXBuildFile; fileRef = 0474FD9A2203BF6000964102 /* HomeCell.xib */; };
		0474FD9E2203BF8C00964102 /* HomeCell.swift in Sources */ = {isa = PBXBuildFile; fileRef = 0474FD9D2203BF8C00964102 /* HomeCell.swift */; };
		0474FDA02203C7C400964102 /* ImageService.swift in Sources */ = {isa = PBXBuildFile; fileRef = 0474FD9F2203C7C400964102 /* ImageService.swift */; };
		04C70B022201B00100AFC558 /* Owner.swift in Sources */ = {isa = PBXBuildFile; fileRef = 04C70B012201B00100AFC558 /* Owner.swift */; };
		04C830D522026F3600E13290 /* GithubService.swift in Sources */ = {isa = PBXBuildFile; fileRef = 04C830D422026F3600E13290 /* GithubService.swift */; };
		04E8F123220131E200527E72 /* AppDelegate.swift in Sources */ = {isa = PBXBuildFile; fileRef = 04E8F122220131E200527E72 /* AppDelegate.swift */; };
		04E8F125220131E200527E72 /* ViewController.swift in Sources */ = {isa = PBXBuildFile; fileRef = 04E8F124220131E200527E72 /* ViewController.swift */; };
		04E8F128220131E200527E72 /* Main.storyboard in Resources */ = {isa = PBXBuildFile; fileRef = 04E8F126220131E200527E72 /* Main.storyboard */; };
		04E8F12A220131E400527E72 /* Assets.xcassets in Resources */ = {isa = PBXBuildFile; fileRef = 04E8F129220131E400527E72 /* Assets.xcassets */; };
		04E8F12D220131E400527E72 /* LaunchScreen.storyboard in Resources */ = {isa = PBXBuildFile; fileRef = 04E8F12B220131E400527E72 /* LaunchScreen.storyboard */; };
		04E8F143220131E400527E72 /* GithubStarsUITests.swift in Sources */ = {isa = PBXBuildFile; fileRef = 04E8F142220131E400527E72 /* GithubStarsUITests.swift */; };
		04E8F1592201352D00527E72 /* Api.swift in Sources */ = {isa = PBXBuildFile; fileRef = 04E8F1582201352D00527E72 /* Api.swift */; };
		04E8F15B2201353800527E72 /* Endpoints.swift in Sources */ = {isa = PBXBuildFile; fileRef = 04E8F15A2201353800527E72 /* Endpoints.swift */; };
		04E8F15D2201387F00527E72 /* GithubResponse.swift in Sources */ = {isa = PBXBuildFile; fileRef = 04E8F15C2201387F00527E72 /* GithubResponse.swift */; };
		04E8F15F220138A400527E72 /* Repo.swift in Sources */ = {isa = PBXBuildFile; fileRef = 04E8F15E220138A400527E72 /* Repo.swift */; };
		04F4B5DA2203BA300025C561 /* GithubResponseFactory.swift in Sources */ = {isa = PBXBuildFile; fileRef = 04F4B5D92203BA300025C561 /* GithubResponseFactory.swift */; };
		04F4B5DC2203BAF00025C561 /* RepoViewModel.swift in Sources */ = {isa = PBXBuildFile; fileRef = 04F4B5DB2203BAF00025C561 /* RepoViewModel.swift */; };
		04F64FA02205D85A00B693E0 /* ApiSpec.swift in Sources */ = {isa = PBXBuildFile; fileRef = 04F64F9F2205D85A00B693E0 /* ApiSpec.swift */; };
		04F64FA22205D8B800B693E0 /* ServiceSpec.swift in Sources */ = {isa = PBXBuildFile; fileRef = 04F64FA12205D8B800B693E0 /* ServiceSpec.swift */; };
		04F64FA42205D8F500B693E0 /* ImageServiceSpec.swift in Sources */ = {isa = PBXBuildFile; fileRef = 04F64FA32205D8F500B693E0 /* ImageServiceSpec.swift */; };
		04F64FA62205D95300B693E0 /* ViewControllerSpec.swift in Sources */ = {isa = PBXBuildFile; fileRef = 04F64FA52205D95300B693E0 /* ViewControllerSpec.swift */; };
		04F64FA82205DBCC00B693E0 /* FactorySpec.swift in Sources */ = {isa = PBXBuildFile; fileRef = 04F64FA72205DBCC00B693E0 /* FactorySpec.swift */; };
		04F64FAA2205E1BA00B693E0 /* ViewModelSpec.swift in Sources */ = {isa = PBXBuildFile; fileRef = 04F64FA92205E1BA00B693E0 /* ViewModelSpec.swift */; };
		04FE9F7122203FBD00845E52 /* AccessibilityIdentifiers.swift in Sources */ = {isa = PBXBuildFile; fileRef = 04FE9F7022203FBD00845E52 /* AccessibilityIdentifiers.swift */; };
		04FE9F742220409F00845E52 /* UI+Accessibility.swift in Sources */ = {isa = PBXBuildFile; fileRef = 04FE9F732220409F00845E52 /* UI+Accessibility.swift */; };
		CFF2D637EEE219BCC0896DEF /* Pods_GithubStarsTests.framework in Frameworks */ = {isa = PBXBuildFile; fileRef = 85F2A036EF8E84F4D44783A3 /* Pods_GithubStarsTests.framework */; };
		EACC8912449C3386D8764C5C /* Pods_GithubStars.framework in Frameworks */ = {isa = PBXBuildFile; fileRef = 06C300B18899976313D9B149 /* Pods_GithubStars.framework */; };
		EB82B90ECBEEA5F0630D77FA /* Pods_GithubStarsUITests.framework in Frameworks */ = {isa = PBXBuildFile; fileRef = 274D534971124E9C738500D3 /* Pods_GithubStarsUITests.framework */; };
/* End PBXBuildFile section */

/* Begin PBXContainerItemProxy section */
		04E8F134220131E400527E72 /* PBXContainerItemProxy */ = {
			isa = PBXContainerItemProxy;
			containerPortal = 04E8F117220131E200527E72 /* Project object */;
			proxyType = 1;
			remoteGlobalIDString = 04E8F11E220131E200527E72;
			remoteInfo = GithubStars;
		};
		04E8F13F220131E400527E72 /* PBXContainerItemProxy */ = {
			isa = PBXContainerItemProxy;
			containerPortal = 04E8F117220131E200527E72 /* Project object */;
			proxyType = 1;
			remoteGlobalIDString = 04E8F11E220131E200527E72;
			remoteInfo = GithubStars;
		};
/* End PBXContainerItemProxy section */

/* Begin PBXFileReference section */
		008BBEA8D7DBA1576DCD6E11 /* Pods-GithubStars.release.xcconfig */ = {isa = PBXFileReference; includeInIndex = 1; lastKnownFileType = text.xcconfig; name = "Pods-GithubStars.release.xcconfig"; path = "Pods/Target Support Files/Pods-GithubStars/Pods-GithubStars.release.xcconfig"; sourceTree = "<group>"; };
		0474FD9A2203BF6000964102 /* HomeCell.xib */ = {isa = PBXFileReference; lastKnownFileType = file.xib; path = HomeCell.xib; sourceTree = "<group>"; };
		0474FD9D2203BF8C00964102 /* HomeCell.swift */ = {isa = PBXFileReference; lastKnownFileType = sourcecode.swift; path = HomeCell.swift; sourceTree = "<group>"; };
		0474FD9F2203C7C400964102 /* ImageService.swift */ = {isa = PBXFileReference; lastKnownFileType = sourcecode.swift; path = ImageService.swift; sourceTree = "<group>"; };
		04C70B012201B00100AFC558 /* Owner.swift */ = {isa = PBXFileReference; lastKnownFileType = sourcecode.swift; path = Owner.swift; sourceTree = "<group>"; };
		04C830D422026F3600E13290 /* GithubService.swift */ = {isa = PBXFileReference; lastKnownFileType = sourcecode.swift; path = GithubService.swift; sourceTree = "<group>"; };
		04E8F11F220131E200527E72 /* GithubStars.app */ = {isa = PBXFileReference; explicitFileType = wrapper.application; includeInIndex = 0; path = GithubStars.app; sourceTree = BUILT_PRODUCTS_DIR; };
		04E8F122220131E200527E72 /* AppDelegate.swift */ = {isa = PBXFileReference; lastKnownFileType = sourcecode.swift; path = AppDelegate.swift; sourceTree = "<group>"; };
		04E8F124220131E200527E72 /* ViewController.swift */ = {isa = PBXFileReference; lastKnownFileType = sourcecode.swift; path = ViewController.swift; sourceTree = "<group>"; };
		04E8F127220131E200527E72 /* Base */ = {isa = PBXFileReference; lastKnownFileType = file.storyboard; name = Base; path = Base.lproj/Main.storyboard; sourceTree = "<group>"; };
		04E8F129220131E400527E72 /* Assets.xcassets */ = {isa = PBXFileReference; lastKnownFileType = folder.assetcatalog; path = Assets.xcassets; sourceTree = "<group>"; };
		04E8F12C220131E400527E72 /* Base */ = {isa = PBXFileReference; lastKnownFileType = file.storyboard; name = Base; path = Base.lproj/LaunchScreen.storyboard; sourceTree = "<group>"; };
		04E8F12E220131E400527E72 /* Info.plist */ = {isa = PBXFileReference; lastKnownFileType = text.plist.xml; path = Info.plist; sourceTree = "<group>"; };
		04E8F133220131E400527E72 /* GithubStarsTests.xctest */ = {isa = PBXFileReference; explicitFileType = wrapper.cfbundle; includeInIndex = 0; path = GithubStarsTests.xctest; sourceTree = BUILT_PRODUCTS_DIR; };
		04E8F139220131E400527E72 /* Info.plist */ = {isa = PBXFileReference; lastKnownFileType = text.plist.xml; path = Info.plist; sourceTree = "<group>"; };
		04E8F13E220131E400527E72 /* GithubStarsUITests.xctest */ = {isa = PBXFileReference; explicitFileType = wrapper.cfbundle; includeInIndex = 0; path = GithubStarsUITests.xctest; sourceTree = BUILT_PRODUCTS_DIR; };
		04E8F142220131E400527E72 /* GithubStarsUITests.swift */ = {isa = PBXFileReference; lastKnownFileType = sourcecode.swift; path = GithubStarsUITests.swift; sourceTree = "<group>"; };
		04E8F144220131E400527E72 /* Info.plist */ = {isa = PBXFileReference; lastKnownFileType = text.plist.xml; path = Info.plist; sourceTree = "<group>"; };
		04E8F1582201352D00527E72 /* Api.swift */ = {isa = PBXFileReference; lastKnownFileType = sourcecode.swift; path = Api.swift; sourceTree = "<group>"; };
		04E8F15A2201353800527E72 /* Endpoints.swift */ = {isa = PBXFileReference; lastKnownFileType = sourcecode.swift; path = Endpoints.swift; sourceTree = "<group>"; };
		04E8F15C2201387F00527E72 /* GithubResponse.swift */ = {isa = PBXFileReference; lastKnownFileType = sourcecode.swift; path = GithubResponse.swift; sourceTree = "<group>"; };
		04E8F15E220138A400527E72 /* Repo.swift */ = {isa = PBXFileReference; lastKnownFileType = sourcecode.swift; path = Repo.swift; sourceTree = "<group>"; };
		04F4B5D92203BA300025C561 /* GithubResponseFactory.swift */ = {isa = PBXFileReference; lastKnownFileType = sourcecode.swift; path = GithubResponseFactory.swift; sourceTree = "<group>"; };
		04F4B5DB2203BAF00025C561 /* RepoViewModel.swift */ = {isa = PBXFileReference; lastKnownFileType = sourcecode.swift; path = RepoViewModel.swift; sourceTree = "<group>"; };
		04F64F9F2205D85A00B693E0 /* ApiSpec.swift */ = {isa = PBXFileReference; lastKnownFileType = sourcecode.swift; path = ApiSpec.swift; sourceTree = "<group>"; };
		04F64FA12205D8B800B693E0 /* ServiceSpec.swift */ = {isa = PBXFileReference; lastKnownFileType = sourcecode.swift; path = ServiceSpec.swift; sourceTree = "<group>"; };
		04F64FA32205D8F500B693E0 /* ImageServiceSpec.swift */ = {isa = PBXFileReference; lastKnownFileType = sourcecode.swift; path = ImageServiceSpec.swift; sourceTree = "<group>"; };
		04F64FA52205D95300B693E0 /* ViewControllerSpec.swift */ = {isa = PBXFileReference; lastKnownFileType = sourcecode.swift; path = ViewControllerSpec.swift; sourceTree = "<group>"; };
		04F64FA72205DBCC00B693E0 /* FactorySpec.swift */ = {isa = PBXFileReference; lastKnownFileType = sourcecode.swift; path = FactorySpec.swift; sourceTree = "<group>"; };
		04F64FA92205E1BA00B693E0 /* ViewModelSpec.swift */ = {isa = PBXFileReference; lastKnownFileType = sourcecode.swift; path = ViewModelSpec.swift; sourceTree = "<group>"; };
		04FE9F7022203FBD00845E52 /* AccessibilityIdentifiers.swift */ = {isa = PBXFileReference; lastKnownFileType = sourcecode.swift; path = AccessibilityIdentifiers.swift; sourceTree = "<group>"; };
		04FE9F732220409F00845E52 /* UI+Accessibility.swift */ = {isa = PBXFileReference; lastKnownFileType = sourcecode.swift; path = "UI+Accessibility.swift"; sourceTree = "<group>"; };
		06C300B18899976313D9B149 /* Pods_GithubStars.framework */ = {isa = PBXFileReference; explicitFileType = wrapper.framework; includeInIndex = 0; path = Pods_GithubStars.framework; sourceTree = BUILT_PRODUCTS_DIR; };
		274D534971124E9C738500D3 /* Pods_GithubStarsUITests.framework */ = {isa = PBXFileReference; explicitFileType = wrapper.framework; includeInIndex = 0; path = Pods_GithubStarsUITests.framework; sourceTree = BUILT_PRODUCTS_DIR; };
		30C48820B2BC464094904003 /* Pods-GithubStarsUITests.release.xcconfig */ = {isa = PBXFileReference; includeInIndex = 1; lastKnownFileType = text.xcconfig; name = "Pods-GithubStarsUITests.release.xcconfig"; path = "Pods/Target Support Files/Pods-GithubStarsUITests/Pods-GithubStarsUITests.release.xcconfig"; sourceTree = "<group>"; };
		617AC5708BC9A74FAC4702C7 /* Pods-GithubStarsTests.release.xcconfig */ = {isa = PBXFileReference; includeInIndex = 1; lastKnownFileType = text.xcconfig; name = "Pods-GithubStarsTests.release.xcconfig"; path = "Pods/Target Support Files/Pods-GithubStarsTests/Pods-GithubStarsTests.release.xcconfig"; sourceTree = "<group>"; };
		6EBDCAB29A8883A9A1831B83 /* Pods-GithubStars.debug.xcconfig */ = {isa = PBXFileReference; includeInIndex = 1; lastKnownFileType = text.xcconfig; name = "Pods-GithubStars.debug.xcconfig"; path = "Pods/Target Support Files/Pods-GithubStars/Pods-GithubStars.debug.xcconfig"; sourceTree = "<group>"; };
		85F2A036EF8E84F4D44783A3 /* Pods_GithubStarsTests.framework */ = {isa = PBXFileReference; explicitFileType = wrapper.framework; includeInIndex = 0; path = Pods_GithubStarsTests.framework; sourceTree = BUILT_PRODUCTS_DIR; };
		8BC1DE234976B54950764833 /* Pods-GithubStarsUITests.debug.xcconfig */ = {isa = PBXFileReference; includeInIndex = 1; lastKnownFileType = text.xcconfig; name = "Pods-GithubStarsUITests.debug.xcconfig"; path = "Pods/Target Support Files/Pods-GithubStarsUITests/Pods-GithubStarsUITests.debug.xcconfig"; sourceTree = "<group>"; };
		C79171A5871D27F8F161DEB7 /* Pods-GithubStarsTests.debug.xcconfig */ = {isa = PBXFileReference; includeInIndex = 1; lastKnownFileType = text.xcconfig; name = "Pods-GithubStarsTests.debug.xcconfig"; path = "Pods/Target Support Files/Pods-GithubStarsTests/Pods-GithubStarsTests.debug.xcconfig"; sourceTree = "<group>"; };
/* End PBXFileReference section */

/* Begin PBXFrameworksBuildPhase section */
		04E8F11C220131E200527E72 /* Frameworks */ = {
			isa = PBXFrameworksBuildPhase;
			buildActionMask = 2147483647;
			files = (
				EACC8912449C3386D8764C5C /* Pods_GithubStars.framework in Frameworks */,
			);
			runOnlyForDeploymentPostprocessing = 0;
		};
		04E8F130220131E400527E72 /* Frameworks */ = {
			isa = PBXFrameworksBuildPhase;
			buildActionMask = 2147483647;
			files = (
				CFF2D637EEE219BCC0896DEF /* Pods_GithubStarsTests.framework in Frameworks */,
			);
			runOnlyForDeploymentPostprocessing = 0;
		};
		04E8F13B220131E400527E72 /* Frameworks */ = {
			isa = PBXFrameworksBuildPhase;
			buildActionMask = 2147483647;
			files = (
				EB82B90ECBEEA5F0630D77FA /* Pods_GithubStarsUITests.framework in Frameworks */,
			);
			runOnlyForDeploymentPostprocessing = 0;
		};
/* End PBXFrameworksBuildPhase section */

/* Begin PBXGroup section */
		0474FD992203BECF00964102 /* custom */ = {
			isa = PBXGroup;
			children = (
				0474FD9A2203BF6000964102 /* HomeCell.xib */,
			);
			path = custom;
			sourceTree = "<group>";
		};
		0474FD9C2203BF7300964102 /* cells */ = {
			isa = PBXGroup;
			children = (
				0474FD9D2203BF8C00964102 /* HomeCell.swift */,
			);
			path = cells;
			sourceTree = "<group>";
		};
		04E8F116220131E200527E72 = {
			isa = PBXGroup;
			children = (
				04E8F121220131E200527E72 /* GithubStars */,
				04E8F136220131E400527E72 /* GithubStarsTests */,
				04E8F141220131E400527E72 /* GithubStarsUITests */,
				04E8F120220131E200527E72 /* Products */,
				5D2B548BC2CEB59B4120ED84 /* Pods */,
				86EA095C955AE7F14E8D646D /* Frameworks */,
			);
			sourceTree = "<group>";
		};
		04E8F120220131E200527E72 /* Products */ = {
			isa = PBXGroup;
			children = (
				04E8F11F220131E200527E72 /* GithubStars.app */,
				04E8F133220131E400527E72 /* GithubStarsTests.xctest */,
				04E8F13E220131E400527E72 /* GithubStarsUITests.xctest */,
			);
			name = Products;
			sourceTree = "<group>";
		};
		04E8F121220131E200527E72 /* GithubStars */ = {
			isa = PBXGroup;
			children = (
				04E8F122220131E200527E72 /* AppDelegate.swift */,
				04E8F150220133EC00527E72 /* api */,
				04E8F152220133FB00527E72 /* services */,
				04F4B5D82203BA180025C561 /* factory */,
				04E8F151220133F300527E72 /* model */,
				04E8F1532201340600527E72 /* viewmodel */,
				04E8F1542201341D00527E72 /* view */,
				04E8F1562201343D00527E72 /* resources */,
				04FE9F6E22203CA300845E52 /* util */,
				04E8F12E220131E400527E72 /* Info.plist */,
			);
			path = GithubStars;
			sourceTree = "<group>";
		};
		04E8F136220131E400527E72 /* GithubStarsTests */ = {
			isa = PBXGroup;
			children = (
				04E8F139220131E400527E72 /* Info.plist */,
				04F64F9F2205D85A00B693E0 /* ApiSpec.swift */,
				04F64FA12205D8B800B693E0 /* ServiceSpec.swift */,
				04F64FA32205D8F500B693E0 /* ImageServiceSpec.swift */,
				04F64FA52205D95300B693E0 /* ViewControllerSpec.swift */,
				04F64FA72205DBCC00B693E0 /* FactorySpec.swift */,
				04F64FA92205E1BA00B693E0 /* ViewModelSpec.swift */,
			);
			path = GithubStarsTests;
			sourceTree = "<group>";
		};
		04E8F141220131E400527E72 /* GithubStarsUITests */ = {
			isa = PBXGroup;
			children = (
				04E8F142220131E400527E72 /* GithubStarsUITests.swift */,
				04E8F144220131E400527E72 /* Info.plist */,
			);
			path = GithubStarsUITests;
			sourceTree = "<group>";
		};
		04E8F150220133EC00527E72 /* api */ = {
			isa = PBXGroup;
			children = (
				04E8F1582201352D00527E72 /* Api.swift */,
				04E8F15A2201353800527E72 /* Endpoints.swift */,
			);
			path = api;
			sourceTree = "<group>";
		};
		04E8F151220133F300527E72 /* model */ = {
			isa = PBXGroup;
			children = (
				04E8F15C2201387F00527E72 /* GithubResponse.swift */,
				04E8F15E220138A400527E72 /* Repo.swift */,
				04C70B012201B00100AFC558 /* Owner.swift */,
			);
			path = model;
			sourceTree = "<group>";
		};
		04E8F152220133FB00527E72 /* services */ = {
			isa = PBXGroup;
			children = (
				04C830D422026F3600E13290 /* GithubService.swift */,
				0474FD9F2203C7C400964102 /* ImageService.swift */,
			);
			path = services;
			sourceTree = "<group>";
		};
		04E8F1532201340600527E72 /* viewmodel */ = {
			isa = PBXGroup;
			children = (
				04F4B5DB2203BAF00025C561 /* RepoViewModel.swift */,
			);
			path = viewmodel;
			sourceTree = "<group>";
		};
		04E8F1542201341D00527E72 /* view */ = {
			isa = PBXGroup;
			children = (
				0474FD9C2203BF7300964102 /* cells */,
				04E8F1552201342E00527E72 /* controllers */,
			);
			path = view;
			sourceTree = "<group>";
		};
		04E8F1552201342E00527E72 /* controllers */ = {
			isa = PBXGroup;
			children = (
				04E8F124220131E200527E72 /* ViewController.swift */,
			);
			path = controllers;
			sourceTree = "<group>";
		};
		04E8F1562201343D00527E72 /* resources */ = {
			isa = PBXGroup;
			children = (
				0474FD992203BECF00964102 /* custom */,
				04E8F129220131E400527E72 /* Assets.xcassets */,
				04E8F1572201344F00527E72 /* storyboard */,
			);
			path = resources;
			sourceTree = "<group>";
		};
		04E8F1572201344F00527E72 /* storyboard */ = {
			isa = PBXGroup;
			children = (
				04E8F12B220131E400527E72 /* LaunchScreen.storyboard */,
				04E8F126220131E200527E72 /* Main.storyboard */,
			);
			path = storyboard;
			sourceTree = "<group>";
		};
		04F4B5D82203BA180025C561 /* factory */ = {
			isa = PBXGroup;
			children = (
				04F4B5D92203BA300025C561 /* GithubResponseFactory.swift */,
			);
			path = factory;
			sourceTree = "<group>";
		};
		04FE9F6E22203CA300845E52 /* util */ = {
			isa = PBXGroup;
			children = (
				04FE9F6F22203CAE00845E52 /* accessibility */,
			);
			path = util;
			sourceTree = "<group>";
		};
		04FE9F6F22203CAE00845E52 /* accessibility */ = {
			isa = PBXGroup;
			children = (
				04FE9F7022203FBD00845E52 /* AccessibilityIdentifiers.swift */,
				04FE9F732220409F00845E52 /* UI+Accessibility.swift */,
			);
			path = accessibility;
			sourceTree = "<group>";
		};
		5D2B548BC2CEB59B4120ED84 /* Pods */ = {
			isa = PBXGroup;
			children = (
				6EBDCAB29A8883A9A1831B83 /* Pods-GithubStars.debug.xcconfig */,
				008BBEA8D7DBA1576DCD6E11 /* Pods-GithubStars.release.xcconfig */,
				C79171A5871D27F8F161DEB7 /* Pods-GithubStarsTests.debug.xcconfig */,
				617AC5708BC9A74FAC4702C7 /* Pods-GithubStarsTests.release.xcconfig */,
				8BC1DE234976B54950764833 /* Pods-GithubStarsUITests.debug.xcconfig */,
				30C48820B2BC464094904003 /* Pods-GithubStarsUITests.release.xcconfig */,
			);
			name = Pods;
			sourceTree = "<group>";
		};
		86EA095C955AE7F14E8D646D /* Frameworks */ = {
			isa = PBXGroup;
			children = (
				06C300B18899976313D9B149 /* Pods_GithubStars.framework */,
				85F2A036EF8E84F4D44783A3 /* Pods_GithubStarsTests.framework */,
				274D534971124E9C738500D3 /* Pods_GithubStarsUITests.framework */,
			);
			name = Frameworks;
			sourceTree = "<group>";
		};
/* End PBXGroup section */

/* Begin PBXNativeTarget section */
		04E8F11E220131E200527E72 /* GithubStars */ = {
			isa = PBXNativeTarget;
			buildConfigurationList = 04E8F147220131E400527E72 /* Build configuration list for PBXNativeTarget "GithubStars" */;
			buildPhases = (
				3FFE9447B8600B9DB934B308 /* [CP] Check Pods Manifest.lock */,
				04E8F11B220131E200527E72 /* Sources */,
				04E8F11C220131E200527E72 /* Frameworks */,
				04E8F11D220131E200527E72 /* Resources */,
				9D05301CEBD34BDE683796B6 /* [CP] Embed Pods Frameworks */,
			);
			buildRules = (
			);
			dependencies = (
			);
			name = GithubStars;
			productName = GithubStars;
			productReference = 04E8F11F220131E200527E72 /* GithubStars.app */;
			productType = "com.apple.product-type.application";
		};
		04E8F132220131E400527E72 /* GithubStarsTests */ = {
			isa = PBXNativeTarget;
			buildConfigurationList = 04E8F14A220131E400527E72 /* Build configuration list for PBXNativeTarget "GithubStarsTests" */;
			buildPhases = (
				2D4850CA49378A1852BD5172 /* [CP] Check Pods Manifest.lock */,
				04E8F12F220131E400527E72 /* Sources */,
				04E8F130220131E400527E72 /* Frameworks */,
				04E8F131220131E400527E72 /* Resources */,
				4476DFADD60A9E56057F0F09 /* [CP] Embed Pods Frameworks */,
			);
			buildRules = (
			);
			dependencies = (
				04E8F135220131E400527E72 /* PBXTargetDependency */,
			);
			name = GithubStarsTests;
			productName = GithubStarsTests;
			productReference = 04E8F133220131E400527E72 /* GithubStarsTests.xctest */;
			productType = "com.apple.product-type.bundle.unit-test";
		};
		04E8F13D220131E400527E72 /* GithubStarsUITests */ = {
			isa = PBXNativeTarget;
			buildConfigurationList = 04E8F14D220131E400527E72 /* Build configuration list for PBXNativeTarget "GithubStarsUITests" */;
			buildPhases = (
				D3370392EE2970CE1F0EC7AD /* [CP] Check Pods Manifest.lock */,
				04E8F13A220131E400527E72 /* Sources */,
				04E8F13B220131E400527E72 /* Frameworks */,
				04E8F13C220131E400527E72 /* Resources */,
			);
			buildRules = (
			);
			dependencies = (
				04E8F140220131E400527E72 /* PBXTargetDependency */,
			);
			name = GithubStarsUITests;
			productName = GithubStarsUITests;
			productReference = 04E8F13E220131E400527E72 /* GithubStarsUITests.xctest */;
			productType = "com.apple.product-type.bundle.ui-testing";
		};
/* End PBXNativeTarget section */

/* Begin PBXProject section */
		04E8F117220131E200527E72 /* Project object */ = {
			isa = PBXProject;
			attributes = {
				LastSwiftUpdateCheck = 1010;
				LastUpgradeCheck = 1010;
				ORGANIZATIONNAME = "Alex Rodrigues";
				TargetAttributes = {
					04E8F11E220131E200527E72 = {
						CreatedOnToolsVersion = 10.1;
					};
					04E8F132220131E400527E72 = {
						CreatedOnToolsVersion = 10.1;
						LastSwiftMigration = 1010;
						TestTargetID = 04E8F11E220131E200527E72;
					};
					04E8F13D220131E400527E72 = {
						CreatedOnToolsVersion = 10.1;
						TestTargetID = 04E8F11E220131E200527E72;
					};
				};
			};
			buildConfigurationList = 04E8F11A220131E200527E72 /* Build configuration list for PBXProject "GithubStars" */;
			compatibilityVersion = "Xcode 9.3";
			developmentRegion = en;
			hasScannedForEncodings = 0;
			knownRegions = (
				en,
				Base,
			);
			mainGroup = 04E8F116220131E200527E72;
			productRefGroup = 04E8F120220131E200527E72 /* Products */;
			projectDirPath = "";
			projectRoot = "";
			targets = (
				04E8F11E220131E200527E72 /* GithubStars */,
				04E8F132220131E400527E72 /* GithubStarsTests */,
				04E8F13D220131E400527E72 /* GithubStarsUITests */,
			);
		};
/* End PBXProject section */

/* Begin PBXResourcesBuildPhase section */
		04E8F11D220131E200527E72 /* Resources */ = {
			isa = PBXResourcesBuildPhase;
			buildActionMask = 2147483647;
			files = (
				0474FD9B2203BF6000964102 /* HomeCell.xib in Resources */,
				04E8F12D220131E400527E72 /* LaunchScreen.storyboard in Resources */,
				04E8F12A220131E400527E72 /* Assets.xcassets in Resources */,
				04E8F128220131E200527E72 /* Main.storyboard in Resources */,
			);
			runOnlyForDeploymentPostprocessing = 0;
		};
		04E8F131220131E400527E72 /* Resources */ = {
			isa = PBXResourcesBuildPhase;
			buildActionMask = 2147483647;
			files = (
			);
			runOnlyForDeploymentPostprocessing = 0;
		};
		04E8F13C220131E400527E72 /* Resources */ = {
			isa = PBXResourcesBuildPhase;
			buildActionMask = 2147483647;
			files = (
			);
			runOnlyForDeploymentPostprocessing = 0;
		};
/* End PBXResourcesBuildPhase section */

/* Begin PBXShellScriptBuildPhase section */
		2D4850CA49378A1852BD5172 /* [CP] Check Pods Manifest.lock */ = {
			isa = PBXShellScriptBuildPhase;
			buildActionMask = 2147483647;
			files = (
			);
			inputPaths = (
				"${PODS_PODFILE_DIR_PATH}/Podfile.lock",
				"${PODS_ROOT}/Manifest.lock",
			);
			name = "[CP] Check Pods Manifest.lock";
			outputPaths = (
				"$(DERIVED_FILE_DIR)/Pods-GithubStarsTests-checkManifestLockResult.txt",
			);
			runOnlyForDeploymentPostprocessing = 0;
			shellPath = /bin/sh;
			shellScript = "diff \"${PODS_PODFILE_DIR_PATH}/Podfile.lock\" \"${PODS_ROOT}/Manifest.lock\" > /dev/null\nif [ $? != 0 ] ; then\n    # print error to STDERR\n    echo \"error: The sandbox is not in sync with the Podfile.lock. Run 'pod install' or update your CocoaPods installation.\" >&2\n    exit 1\nfi\n# This output is used by Xcode 'outputs' to avoid re-running this script phase.\necho \"SUCCESS\" > \"${SCRIPT_OUTPUT_FILE_0}\"\n";
			showEnvVarsInLog = 0;
		};
		3FFE9447B8600B9DB934B308 /* [CP] Check Pods Manifest.lock */ = {
			isa = PBXShellScriptBuildPhase;
			buildActionMask = 2147483647;
			files = (
			);
			inputPaths = (
				"${PODS_PODFILE_DIR_PATH}/Podfile.lock",
				"${PODS_ROOT}/Manifest.lock",
			);
			name = "[CP] Check Pods Manifest.lock";
			outputPaths = (
				"$(DERIVED_FILE_DIR)/Pods-GithubStars-checkManifestLockResult.txt",
			);
			runOnlyForDeploymentPostprocessing = 0;
			shellPath = /bin/sh;
			shellScript = "diff \"${PODS_PODFILE_DIR_PATH}/Podfile.lock\" \"${PODS_ROOT}/Manifest.lock\" > /dev/null\nif [ $? != 0 ] ; then\n    # print error to STDERR\n    echo \"error: The sandbox is not in sync with the Podfile.lock. Run 'pod install' or update your CocoaPods installation.\" >&2\n    exit 1\nfi\n# This output is used by Xcode 'outputs' to avoid re-running this script phase.\necho \"SUCCESS\" > \"${SCRIPT_OUTPUT_FILE_0}\"\n";
			showEnvVarsInLog = 0;
		};
		4476DFADD60A9E56057F0F09 /* [CP] Embed Pods Frameworks */ = {
			isa = PBXShellScriptBuildPhase;
			buildActionMask = 2147483647;
			files = (
			);
			inputPaths = (
				"${SRCROOT}/Pods/Target Support Files/Pods-GithubStarsTests/Pods-GithubStarsTests-frameworks.sh",
				"${BUILT_PRODUCTS_DIR}/Nimble/Nimble.framework",
				"${BUILT_PRODUCTS_DIR}/Quick/Quick.framework",
			);
			name = "[CP] Embed Pods Frameworks";
			outputPaths = (
				"${TARGET_BUILD_DIR}/${FRAMEWORKS_FOLDER_PATH}/Nimble.framework",
				"${TARGET_BUILD_DIR}/${FRAMEWORKS_FOLDER_PATH}/Quick.framework",
			);
			runOnlyForDeploymentPostprocessing = 0;
			shellPath = /bin/sh;
			shellScript = "\"${SRCROOT}/Pods/Target Support Files/Pods-GithubStarsTests/Pods-GithubStarsTests-frameworks.sh\"\n";
			showEnvVarsInLog = 0;
		};
		9D05301CEBD34BDE683796B6 /* [CP] Embed Pods Frameworks */ = {
			isa = PBXShellScriptBuildPhase;
			buildActionMask = 2147483647;
			files = (
			);
			inputPaths = (
				"${SRCROOT}/Pods/Target Support Files/Pods-GithubStars/Pods-GithubStars-frameworks.sh",
				"${BUILT_PRODUCTS_DIR}/Alamofire/Alamofire.framework",
			);
			name = "[CP] Embed Pods Frameworks";
			outputPaths = (
				"${TARGET_BUILD_DIR}/${FRAMEWORKS_FOLDER_PATH}/Alamofire.framework",
			);
			runOnlyForDeploymentPostprocessing = 0;
			shellPath = /bin/sh;
			shellScript = "\"${SRCROOT}/Pods/Target Support Files/Pods-GithubStars/Pods-GithubStars-frameworks.sh\"\n";
			showEnvVarsInLog = 0;
		};
		D3370392EE2970CE1F0EC7AD /* [CP] Check Pods Manifest.lock */ = {
			isa = PBXShellScriptBuildPhase;
			buildActionMask = 2147483647;
			files = (
			);
			inputPaths = (
				"${PODS_PODFILE_DIR_PATH}/Podfile.lock",
				"${PODS_ROOT}/Manifest.lock",
			);
			name = "[CP] Check Pods Manifest.lock";
			outputPaths = (
				"$(DERIVED_FILE_DIR)/Pods-GithubStarsUITests-checkManifestLockResult.txt",
			);
			runOnlyForDeploymentPostprocessing = 0;
			shellPath = /bin/sh;
			shellScript = "diff \"${PODS_PODFILE_DIR_PATH}/Podfile.lock\" \"${PODS_ROOT}/Manifest.lock\" > /dev/null\nif [ $? != 0 ] ; then\n    # print error to STDERR\n    echo \"error: The sandbox is not in sync with the Podfile.lock. Run 'pod install' or update your CocoaPods installation.\" >&2\n    exit 1\nfi\n# This output is used by Xcode 'outputs' to avoid re-running this script phase.\necho \"SUCCESS\" > \"${SCRIPT_OUTPUT_FILE_0}\"\n";
			showEnvVarsInLog = 0;
		};
/* End PBXShellScriptBuildPhase section */

/* Begin PBXSourcesBuildPhase section */
		04E8F11B220131E200527E72 /* Sources */ = {
			isa = PBXSourcesBuildPhase;
			buildActionMask = 2147483647;
			files = (
				04FE9F742220409F00845E52 /* UI+Accessibility.swift in Sources */,
				04F4B5DC2203BAF00025C561 /* RepoViewModel.swift in Sources */,
				04E8F1592201352D00527E72 /* Api.swift in Sources */,
				04E8F125220131E200527E72 /* ViewController.swift in Sources */,
				0474FD9E2203BF8C00964102 /* HomeCell.swift in Sources */,
				04C830D522026F3600E13290 /* GithubService.swift in Sources */,
				0474FDA02203C7C400964102 /* ImageService.swift in Sources */,
				04C70B022201B00100AFC558 /* Owner.swift in Sources */,
				04E8F15F220138A400527E72 /* Repo.swift in Sources */,
				04FE9F7122203FBD00845E52 /* AccessibilityIdentifiers.swift in Sources */,
				04E8F15B2201353800527E72 /* Endpoints.swift in Sources */,
				04E8F123220131E200527E72 /* AppDelegate.swift in Sources */,
				04E8F15D2201387F00527E72 /* GithubResponse.swift in Sources */,
				04F4B5DA2203BA300025C561 /* GithubResponseFactory.swift in Sources */,
			);
			runOnlyForDeploymentPostprocessing = 0;
		};
		04E8F12F220131E400527E72 /* Sources */ = {
			isa = PBXSourcesBuildPhase;
			buildActionMask = 2147483647;
			files = (
				04F64FA82205DBCC00B693E0 /* FactorySpec.swift in Sources */,
				04F64FAA2205E1BA00B693E0 /* ViewModelSpec.swift in Sources */,
				04F64FA42205D8F500B693E0 /* ImageServiceSpec.swift in Sources */,
				04F64FA62205D95300B693E0 /* ViewControllerSpec.swift in Sources */,
				04F64FA22205D8B800B693E0 /* ServiceSpec.swift in Sources */,
				04F64FA02205D85A00B693E0 /* ApiSpec.swift in Sources */,
			);
			runOnlyForDeploymentPostprocessing = 0;
		};
		04E8F13A220131E400527E72 /* Sources */ = {
			isa = PBXSourcesBuildPhase;
			buildActionMask = 2147483647;
			files = (
				04E8F143220131E400527E72 /* GithubStarsUITests.swift in Sources */,
			);
			runOnlyForDeploymentPostprocessing = 0;
		};
/* End PBXSourcesBuildPhase section */

/* Begin PBXTargetDependency section */
		04E8F135220131E400527E72 /* PBXTargetDependency */ = {
			isa = PBXTargetDependency;
			target = 04E8F11E220131E200527E72 /* GithubStars */;
			targetProxy = 04E8F134220131E400527E72 /* PBXContainerItemProxy */;
		};
		04E8F140220131E400527E72 /* PBXTargetDependency */ = {
			isa = PBXTargetDependency;
			target = 04E8F11E220131E200527E72 /* GithubStars */;
			targetProxy = 04E8F13F220131E400527E72 /* PBXContainerItemProxy */;
		};
/* End PBXTargetDependency section */

/* Begin PBXVariantGroup section */
		04E8F126220131E200527E72 /* Main.storyboard */ = {
			isa = PBXVariantGroup;
			children = (
				04E8F127220131E200527E72 /* Base */,
			);
			name = Main.storyboard;
			sourceTree = "<group>";
		};
		04E8F12B220131E400527E72 /* LaunchScreen.storyboard */ = {
			isa = PBXVariantGroup;
			children = (
				04E8F12C220131E400527E72 /* Base */,
			);
			name = LaunchScreen.storyboard;
			sourceTree = "<group>";
		};
/* End PBXVariantGroup section */

/* Begin XCBuildConfiguration section */
		04E8F145220131E400527E72 /* Debug */ = {
			isa = XCBuildConfiguration;
			buildSettings = {
				ALWAYS_SEARCH_USER_PATHS = NO;
				CLANG_ANALYZER_NONNULL = YES;
				CLANG_ANALYZER_NUMBER_OBJECT_CONVERSION = YES_AGGRESSIVE;
				CLANG_CXX_LANGUAGE_STANDARD = "gnu++14";
				CLANG_CXX_LIBRARY = "libc++";
				CLANG_ENABLE_MODULES = YES;
				CLANG_ENABLE_OBJC_ARC = YES;
				CLANG_ENABLE_OBJC_WEAK = YES;
				CLANG_WARN_BLOCK_CAPTURE_AUTORELEASING = YES;
				CLANG_WARN_BOOL_CONVERSION = YES;
				CLANG_WARN_COMMA = YES;
				CLANG_WARN_CONSTANT_CONVERSION = YES;
				CLANG_WARN_DEPRECATED_OBJC_IMPLEMENTATIONS = YES;
				CLANG_WARN_DIRECT_OBJC_ISA_USAGE = YES_ERROR;
				CLANG_WARN_DOCUMENTATION_COMMENTS = YES;
				CLANG_WARN_EMPTY_BODY = YES;
				CLANG_WARN_ENUM_CONVERSION = YES;
				CLANG_WARN_INFINITE_RECURSION = YES;
				CLANG_WARN_INT_CONVERSION = YES;
				CLANG_WARN_NON_LITERAL_NULL_CONVERSION = YES;
				CLANG_WARN_OBJC_IMPLICIT_RETAIN_SELF = YES;
				CLANG_WARN_OBJC_LITERAL_CONVERSION = YES;
				CLANG_WARN_OBJC_ROOT_CLASS = YES_ERROR;
				CLANG_WARN_RANGE_LOOP_ANALYSIS = YES;
				CLANG_WARN_STRICT_PROTOTYPES = YES;
				CLANG_WARN_SUSPICIOUS_MOVE = YES;
				CLANG_WARN_UNGUARDED_AVAILABILITY = YES_AGGRESSIVE;
				CLANG_WARN_UNREACHABLE_CODE = YES;
				CLANG_WARN__DUPLICATE_METHOD_MATCH = YES;
				CODE_SIGN_IDENTITY = "iPhone Developer";
				COPY_PHASE_STRIP = NO;
				DEBUG_INFORMATION_FORMAT = dwarf;
				ENABLE_STRICT_OBJC_MSGSEND = YES;
				ENABLE_TESTABILITY = YES;
				GCC_C_LANGUAGE_STANDARD = gnu11;
				GCC_DYNAMIC_NO_PIC = NO;
				GCC_NO_COMMON_BLOCKS = YES;
				GCC_OPTIMIZATION_LEVEL = 0;
				GCC_PREPROCESSOR_DEFINITIONS = (
					"DEBUG=1",
					"$(inherited)",
				);
				GCC_WARN_64_TO_32_BIT_CONVERSION = YES;
				GCC_WARN_ABOUT_RETURN_TYPE = YES_ERROR;
				GCC_WARN_UNDECLARED_SELECTOR = YES;
				GCC_WARN_UNINITIALIZED_AUTOS = YES_AGGRESSIVE;
				GCC_WARN_UNUSED_FUNCTION = YES;
				GCC_WARN_UNUSED_VARIABLE = YES;
				IPHONEOS_DEPLOYMENT_TARGET = 12.1;
				MTL_ENABLE_DEBUG_INFO = INCLUDE_SOURCE;
				MTL_FAST_MATH = YES;
				ONLY_ACTIVE_ARCH = YES;
				SDKROOT = iphoneos;
				SWIFT_ACTIVE_COMPILATION_CONDITIONS = DEBUG;
				SWIFT_OPTIMIZATION_LEVEL = "-Onone";
			};
			name = Debug;
		};
		04E8F146220131E400527E72 /* Release */ = {
			isa = XCBuildConfiguration;
			buildSettings = {
				ALWAYS_SEARCH_USER_PATHS = NO;
				CLANG_ANALYZER_NONNULL = YES;
				CLANG_ANALYZER_NUMBER_OBJECT_CONVERSION = YES_AGGRESSIVE;
				CLANG_CXX_LANGUAGE_STANDARD = "gnu++14";
				CLANG_CXX_LIBRARY = "libc++";
				CLANG_ENABLE_MODULES = YES;
				CLANG_ENABLE_OBJC_ARC = YES;
				CLANG_ENABLE_OBJC_WEAK = YES;
				CLANG_WARN_BLOCK_CAPTURE_AUTORELEASING = YES;
				CLANG_WARN_BOOL_CONVERSION = YES;
				CLANG_WARN_COMMA = YES;
				CLANG_WARN_CONSTANT_CONVERSION = YES;
				CLANG_WARN_DEPRECATED_OBJC_IMPLEMENTATIONS = YES;
				CLANG_WARN_DIRECT_OBJC_ISA_USAGE = YES_ERROR;
				CLANG_WARN_DOCUMENTATION_COMMENTS = YES;
				CLANG_WARN_EMPTY_BODY = YES;
				CLANG_WARN_ENUM_CONVERSION = YES;
				CLANG_WARN_INFINITE_RECURSION = YES;
				CLANG_WARN_INT_CONVERSION = YES;
				CLANG_WARN_NON_LITERAL_NULL_CONVERSION = YES;
				CLANG_WARN_OBJC_IMPLICIT_RETAIN_SELF = YES;
				CLANG_WARN_OBJC_LITERAL_CONVERSION = YES;
				CLANG_WARN_OBJC_ROOT_CLASS = YES_ERROR;
				CLANG_WARN_RANGE_LOOP_ANALYSIS = YES;
				CLANG_WARN_STRICT_PROTOTYPES = YES;
				CLANG_WARN_SUSPICIOUS_MOVE = YES;
				CLANG_WARN_UNGUARDED_AVAILABILITY = YES_AGGRESSIVE;
				CLANG_WARN_UNREACHABLE_CODE = YES;
				CLANG_WARN__DUPLICATE_METHOD_MATCH = YES;
				CODE_SIGN_IDENTITY = "iPhone Developer";
				COPY_PHASE_STRIP = NO;
				DEBUG_INFORMATION_FORMAT = "dwarf-with-dsym";
				ENABLE_NS_ASSERTIONS = NO;
				ENABLE_STRICT_OBJC_MSGSEND = YES;
				GCC_C_LANGUAGE_STANDARD = gnu11;
				GCC_NO_COMMON_BLOCKS = YES;
				GCC_WARN_64_TO_32_BIT_CONVERSION = YES;
				GCC_WARN_ABOUT_RETURN_TYPE = YES_ERROR;
				GCC_WARN_UNDECLARED_SELECTOR = YES;
				GCC_WARN_UNINITIALIZED_AUTOS = YES_AGGRESSIVE;
				GCC_WARN_UNUSED_FUNCTION = YES;
				GCC_WARN_UNUSED_VARIABLE = YES;
				IPHONEOS_DEPLOYMENT_TARGET = 12.1;
				MTL_ENABLE_DEBUG_INFO = NO;
				MTL_FAST_MATH = YES;
				SDKROOT = iphoneos;
				SWIFT_COMPILATION_MODE = wholemodule;
				SWIFT_OPTIMIZATION_LEVEL = "-O";
				VALIDATE_PRODUCT = YES;
			};
			name = Release;
		};
		04E8F148220131E400527E72 /* Debug */ = {
			isa = XCBuildConfiguration;
			baseConfigurationReference = 6EBDCAB29A8883A9A1831B83 /* Pods-GithubStars.debug.xcconfig */;
			buildSettings = {
				ASSETCATALOG_COMPILER_APPICON_NAME = AppIcon;
				CODE_SIGN_STYLE = Automatic;
				DEVELOPMENT_TEAM = HJ28CBRTR9;
				INFOPLIST_FILE = GithubStars/Info.plist;
				LD_RUNPATH_SEARCH_PATHS = (
					"$(inherited)",
					"@executable_path/Frameworks",
				);
				PRODUCT_BUNDLE_IDENTIFIER = br.com.alexrodrigues.GithubStars;
				PRODUCT_NAME = "$(TARGET_NAME)";
				SWIFT_VERSION = 4.2;
				TARGETED_DEVICE_FAMILY = "1,2";
			};
			name = Debug;
		};
		04E8F149220131E400527E72 /* Release */ = {
			isa = XCBuildConfiguration;
			baseConfigurationReference = 008BBEA8D7DBA1576DCD6E11 /* Pods-GithubStars.release.xcconfig */;
			buildSettings = {
				ASSETCATALOG_COMPILER_APPICON_NAME = AppIcon;
				CODE_SIGN_STYLE = Automatic;
				DEVELOPMENT_TEAM = HJ28CBRTR9;
				INFOPLIST_FILE = GithubStars/Info.plist;
				LD_RUNPATH_SEARCH_PATHS = (
					"$(inherited)",
					"@executable_path/Frameworks",
				);
				PRODUCT_BUNDLE_IDENTIFIER = br.com.alexrodrigues.GithubStars;
				PRODUCT_NAME = "$(TARGET_NAME)";
				SWIFT_VERSION = 4.2;
				TARGETED_DEVICE_FAMILY = "1,2";
			};
			name = Release;
		};
		04E8F14B220131E400527E72 /* Debug */ = {
			isa = XCBuildConfiguration;
			baseConfigurationReference = C79171A5871D27F8F161DEB7 /* Pods-GithubStarsTests.debug.xcconfig */;
			buildSettings = {
				ALWAYS_EMBED_SWIFT_STANDARD_LIBRARIES = YES;
				BUNDLE_LOADER = "$(TEST_HOST)";
				CLANG_ENABLE_MODULES = YES;
				CODE_SIGN_STYLE = Automatic;
				DEVELOPMENT_TEAM = HJ28CBRTR9;
				INFOPLIST_FILE = GithubStarsTests/Info.plist;
				LD_RUNPATH_SEARCH_PATHS = (
					"$(inherited)",
					"@executable_path/Frameworks",
					"@loader_path/Frameworks",
				);
				PRODUCT_BUNDLE_IDENTIFIER = br.com.alexrodrigues.GithubStarsTests;
				PRODUCT_NAME = "$(TARGET_NAME)";
				SWIFT_OPTIMIZATION_LEVEL = "-Onone";
				SWIFT_VERSION = 4.2;
				TARGETED_DEVICE_FAMILY = "1,2";
				TEST_HOST = "$(BUILT_PRODUCTS_DIR)/GithubStars.app/GithubStars";
			};
			name = Debug;
		};
		04E8F14C220131E400527E72 /* Release */ = {
			isa = XCBuildConfiguration;
			baseConfigurationReference = 617AC5708BC9A74FAC4702C7 /* Pods-GithubStarsTests.release.xcconfig */;
			buildSettings = {
				ALWAYS_EMBED_SWIFT_STANDARD_LIBRARIES = YES;
				BUNDLE_LOADER = "$(TEST_HOST)";
				CLANG_ENABLE_MODULES = YES;
				CODE_SIGN_STYLE = Automatic;
				DEVELOPMENT_TEAM = HJ28CBRTR9;
				INFOPLIST_FILE = GithubStarsTests/Info.plist;
				LD_RUNPATH_SEARCH_PATHS = (
					"$(inherited)",
					"@executable_path/Frameworks",
					"@loader_path/Frameworks",
				);
				PRODUCT_BUNDLE_IDENTIFIER = br.com.alexrodrigues.GithubStarsTests;
				PRODUCT_NAME = "$(TARGET_NAME)";
				SWIFT_VERSION = 4.2;
				TARGETED_DEVICE_FAMILY = "1,2";
				TEST_HOST = "$(BUILT_PRODUCTS_DIR)/GithubStars.app/GithubStars";
			};
			name = Release;
		};
		04E8F14E220131E400527E72 /* Debug */ = {
			isa = XCBuildConfiguration;
			baseConfigurationReference = 8BC1DE234976B54950764833 /* Pods-GithubStarsUITests.debug.xcconfig */;
			buildSettings = {
				ALWAYS_EMBED_SWIFT_STANDARD_LIBRARIES = YES;
				CODE_SIGN_STYLE = Automatic;
				DEVELOPMENT_TEAM = HJ28CBRTR9;
				INFOPLIST_FILE = GithubStarsUITests/Info.plist;
				LD_RUNPATH_SEARCH_PATHS = (
					"$(inherited)",
					"@executable_path/Frameworks",
					"@loader_path/Frameworks",
				);
				PRODUCT_BUNDLE_IDENTIFIER = br.com.alexrodrigues.GithubStarsUITests;
				PRODUCT_NAME = "$(TARGET_NAME)";
				SWIFT_VERSION = 4.2;
				TARGETED_DEVICE_FAMILY = "1,2";
				TEST_TARGET_NAME = GithubStars;
			};
			name = Debug;
		};
		04E8F14F220131E400527E72 /* Release */ = {
			isa = XCBuildConfiguration;
			baseConfigurationReference = 30C48820B2BC464094904003 /* Pods-GithubStarsUITests.release.xcconfig */;
			buildSettings = {
				ALWAYS_EMBED_SWIFT_STANDARD_LIBRARIES = YES;
				CODE_SIGN_STYLE = Automatic;
				DEVELOPMENT_TEAM = HJ28CBRTR9;
				INFOPLIST_FILE = GithubStarsUITests/Info.plist;
				LD_RUNPATH_SEARCH_PATHS = (
					"$(inherited)",
					"@executable_path/Frameworks",
					"@loader_path/Frameworks",
				);
				PRODUCT_BUNDLE_IDENTIFIER = br.com.alexrodrigues.GithubStarsUITests;
				PRODUCT_NAME = "$(TARGET_NAME)";
				SWIFT_VERSION = 4.2;
				TARGETED_DEVICE_FAMILY = "1,2";
				TEST_TARGET_NAME = GithubStars;
			};
			name = Release;
		};
/* End XCBuildConfiguration section */

/* Begin XCConfigurationList section */
		04E8F11A220131E200527E72 /* Build configuration list for PBXProject "GithubStars" */ = {
			isa = XCConfigurationList;
			buildConfigurations = (
				04E8F145220131E400527E72 /* Debug */,
				04E8F146220131E400527E72 /* Release */,
			);
			defaultConfigurationIsVisible = 0;
			defaultConfigurationName = Release;
		};
		04E8F147220131E400527E72 /* Build configuration list for PBXNativeTarget "GithubStars" */ = {
			isa = XCConfigurationList;
			buildConfigurations = (
				04E8F148220131E400527E72 /* Debug */,
				04E8F149220131E400527E72 /* Release */,
			);
			defaultConfigurationIsVisible = 0;
			defaultConfigurationName = Release;
		};
		04E8F14A220131E400527E72 /* Build configuration list for PBXNativeTarget "GithubStarsTests" */ = {
			isa = XCConfigurationList;
			buildConfigurations = (
				04E8F14B220131E400527E72 /* Debug */,
				04E8F14C220131E400527E72 /* Release */,
			);
			defaultConfigurationIsVisible = 0;
			defaultConfigurationName = Release;
		};
		04E8F14D220131E400527E72 /* Build configuration list for PBXNativeTarget "GithubStarsUITests" */ = {
			isa = XCConfigurationList;
			buildConfigurations = (
				04E8F14E220131E400527E72 /* Debug */,
				04E8F14F220131E400527E72 /* Release */,
			);
			defaultConfigurationIsVisible = 0;
			defaultConfigurationName = Release;
		};
/* End XCConfigurationList section */
	};
	rootObject = 04E8F117220131E200527E72 /* Project object */;
}
